
Microsoft Visual Studio Solution File, Format Version 12.00
# Visual Studio Version 17
VisualStudioVersion = 17.8.34316.72
MinimumVisualStudioVersion = 10.0.40219.1
Project("{2150E333-8FDC-42A3-9474-1A3956D46DE8}") = "src", "src", "{65562580-0216-445B-B154-E72EEEA5A011}"
EndProject
Project("{2150E333-8FDC-42A3-9474-1A3956D46DE8}") = "Service", "Service", "{46C5DA5F-E0FE-4447-9AC6-5148D71117E6}"
EndProject
Project("{2150E333-8FDC-42A3-9474-1A3956D46DE8}") = "Payroll", "Payroll", "{B3B47858-7B86-4ED7-990E-129CD286053D}"
EndProject
Project("{2150E333-8FDC-42A3-9474-1A3956D46DE8}") = "Core", "Core", "{83BF891E-C40E-4E32-AEC2-5CD5DC25733C}"
EndProject
Project("{2150E333-8FDC-42A3-9474-1A3956D46DE8}") = "Host", "Host", "{902ED401-8EE4-447C-8CB7-8F33B7E01DA8}"
EndProject
Project("{2150E333-8FDC-42A3-9474-1A3956D46DE8}") = "Infrastructure", "Infrastructure", "{358238DA-C3E8-4713-91E8-032E7C71EC01}"
EndProject
Project("{2150E333-8FDC-42A3-9474-1A3956D46DE8}") = "Identity", "Identity", "{911C6783-C7A1-41BB-B1DE-49346F2EEAE1}"
EndProject
Project("{2150E333-8FDC-42A3-9474-1A3956D46DE8}") = "Core", "Core", "{75ABB99C-FA25-4D6C-98DB-88BC7CB9F370}"
EndProject
Project("{2150E333-8FDC-42A3-9474-1A3956D46DE8}") = "Host", "Host", "{CDFD4649-506A-41B7-83AB-4BBC46C19BF3}"
EndProject
Project("{2150E333-8FDC-42A3-9474-1A3956D46DE8}") = "Infrastructure", "Infrastructure", "{CF092F32-D740-4E4D-BD4F-E3F40893646C}"
EndProject
Project("{2150E333-8FDC-42A3-9474-1A3956D46DE8}") = "Tests", "Tests", "{6F4DBDB7-1D78-4AE2-9A4A-62D19FA3F7A1}"
EndProject
Project("{2150E333-8FDC-42A3-9474-1A3956D46DE8}") = "Payroll", "Payroll", "{5E3E0AF9-1BC9-407C-8ACB-76579DB9BCC3}"
EndProject
Project("{9A19103F-16F7-4668-BE54-9A1E7A4F7556}") = "Payroll.Application", "src\Services\Payroll\Core\Payroll.Application\Payroll.Application.csproj", "{74DC213A-98C8-4BE0-B314-58345BB0144D}"
EndProject
Project("{9A19103F-16F7-4668-BE54-9A1E7A4F7556}") = "Payroll.Domain", "src\Services\Payroll\Core\Payroll.Domain\Payroll.Domain.csproj", "{399E6936-FF45-41A3-A324-02C5AB3FB547}"
EndProject
Project("{9A19103F-16F7-4668-BE54-9A1E7A4F7556}") = "Payroll.API", "src\Services\Payroll\Host\Payroll.API\Payroll.API.csproj", "{4FE6C253-68E6-4B2B-BFD9-3EE66A664BFA}"
EndProject
Project("{9A19103F-16F7-4668-BE54-9A1E7A4F7556}") = "Payroll.Infrastructure", "src\Services\Payroll\Infrastructure\Payroll.Infrastructure\Payroll.Infrastructure.csproj", "{CC44FD10-C75F-4D71-913B-524C1E427E1A}"
EndProject
Project("{E53339B2-1760-4266-BCC7-CA923CBCF16C}") = "docker-compose", "docker-compose.dcproj", "{883774FE-0133-43AD-8BAE-2F16A7670E50}"
EndProject
Project("{2150E333-8FDC-42A3-9474-1A3956D46DE8}") = "Gateways", "Gateways", "{E0EEBD99-4183-4C57-A8A3-9A08254090D0}"
EndProject
Project("{FAE04EC0-301F-11D3-BF4B-00C04F79EFBC}") = "Report.Gateway", "src\Gateways\Report.Gateway\Report.Gateway.csproj", "{06FD4D8F-B723-41BA-9742-C36D555076DB}"
EndProject
Project("{FAE04EC0-301F-11D3-BF4B-00C04F79EFBC}") = "Identity.Application", "src\Services\Identity\Core\Identity.Application\Identity.Application.csproj", "{2E6E0A42-D1DA-4575-8879-721F4D27CC1A}"
EndProject
Project("{FAE04EC0-301F-11D3-BF4B-00C04F79EFBC}") = "Identity.Domain", "src\Services\Identity\Core\Identity.Domain\Identity.Domain.csproj", "{9653654B-982D-4B32-9F98-B9FA20A1E99B}"
EndProject
Project("{FAE04EC0-301F-11D3-BF4B-00C04F79EFBC}") = "Identity.API", "src\Services\Identity\Host\Identity.API\Identity.API.csproj", "{72B8AD52-5642-49BA-83C3-43FBED4B52E4}"
EndProject
Project("{FAE04EC0-301F-11D3-BF4B-00C04F79EFBC}") = "Identity.Infrastructure", "src\Services\Identity\Infrastructure\Identity.Infrastructure\Identity.Infrastructure.csproj", "{E1E78294-F84B-4832-A0C6-23AEEA7BC2A2}"
EndProject
Project("{2150E333-8FDC-42A3-9474-1A3956D46DE8}") = "BuldingBlocks", "BuldingBlocks", "{99C48F1F-59EF-4398-A0A8-8AA205846F03}"
EndProject
Project("{FAE04EC0-301F-11D3-BF4B-00C04F79EFBC}") = "Common", "src\BuildingBlocks\Common\Common.csproj", "{EB2F24BC-76A3-481A-80FF-FAB465906CB1}"
EndProject
Global
	GlobalSection(SolutionConfigurationPlatforms) = preSolution
		Debug|Any CPU = Debug|Any CPU
		Release|Any CPU = Release|Any CPU
	EndGlobalSection
	GlobalSection(ProjectConfigurationPlatforms) = postSolution
		{74DC213A-98C8-4BE0-B314-58345BB0144D}.Debug|Any CPU.ActiveCfg = Debug|Any CPU
		{74DC213A-98C8-4BE0-B314-58345BB0144D}.Debug|Any CPU.Build.0 = Debug|Any CPU
		{74DC213A-98C8-4BE0-B314-58345BB0144D}.Release|Any CPU.ActiveCfg = Release|Any CPU
		{74DC213A-98C8-4BE0-B314-58345BB0144D}.Release|Any CPU.Build.0 = Release|Any CPU
		{399E6936-FF45-41A3-A324-02C5AB3FB547}.Debug|Any CPU.ActiveCfg = Debug|Any CPU
		{399E6936-FF45-41A3-A324-02C5AB3FB547}.Debug|Any CPU.Build.0 = Debug|Any CPU
		{399E6936-FF45-41A3-A324-02C5AB3FB547}.Release|Any CPU.ActiveCfg = Release|Any CPU
		{399E6936-FF45-41A3-A324-02C5AB3FB547}.Release|Any CPU.Build.0 = Release|Any CPU
		{4FE6C253-68E6-4B2B-BFD9-3EE66A664BFA}.Debug|Any CPU.ActiveCfg = Debug|Any CPU
		{4FE6C253-68E6-4B2B-BFD9-3EE66A664BFA}.Debug|Any CPU.Build.0 = Debug|Any CPU
		{4FE6C253-68E6-4B2B-BFD9-3EE66A664BFA}.Release|Any CPU.ActiveCfg = Release|Any CPU
		{4FE6C253-68E6-4B2B-BFD9-3EE66A664BFA}.Release|Any CPU.Build.0 = Release|Any CPU
		{CC44FD10-C75F-4D71-913B-524C1E427E1A}.Debug|Any CPU.ActiveCfg = Debug|Any CPU
		{CC44FD10-C75F-4D71-913B-524C1E427E1A}.Debug|Any CPU.Build.0 = Debug|Any CPU
		{CC44FD10-C75F-4D71-913B-524C1E427E1A}.Release|Any CPU.ActiveCfg = Release|Any CPU
		{CC44FD10-C75F-4D71-913B-524C1E427E1A}.Release|Any CPU.Build.0 = Release|Any CPU
		{883774FE-0133-43AD-8BAE-2F16A7670E50}.Debug|Any CPU.ActiveCfg = Debug|Any CPU
		{883774FE-0133-43AD-8BAE-2F16A7670E50}.Debug|Any CPU.Build.0 = Debug|Any CPU
		{883774FE-0133-43AD-8BAE-2F16A7670E50}.Release|Any CPU.ActiveCfg = Release|Any CPU
		{883774FE-0133-43AD-8BAE-2F16A7670E50}.Release|Any CPU.Build.0 = Release|Any CPU
		{06FD4D8F-B723-41BA-9742-C36D555076DB}.Debug|Any CPU.ActiveCfg = Debug|Any CPU
		{06FD4D8F-B723-41BA-9742-C36D555076DB}.Debug|Any CPU.Build.0 = Debug|Any CPU
		{06FD4D8F-B723-41BA-9742-C36D555076DB}.Release|Any CPU.ActiveCfg = Release|Any CPU
		{06FD4D8F-B723-41BA-9742-C36D555076DB}.Release|Any CPU.Build.0 = Release|Any CPU
		{2E6E0A42-D1DA-4575-8879-721F4D27CC1A}.Debug|Any CPU.ActiveCfg = Debug|Any CPU
		{2E6E0A42-D1DA-4575-8879-721F4D27CC1A}.Debug|Any CPU.Build.0 = Debug|Any CPU
		{2E6E0A42-D1DA-4575-8879-721F4D27CC1A}.Release|Any CPU.ActiveCfg = Release|Any CPU
		{2E6E0A42-D1DA-4575-8879-721F4D27CC1A}.Release|Any CPU.Build.0 = Release|Any CPU
		{9653654B-982D-4B32-9F98-B9FA20A1E99B}.Debug|Any CPU.ActiveCfg = Debug|Any CPU
		{9653654B-982D-4B32-9F98-B9FA20A1E99B}.Debug|Any CPU.Build.0 = Debug|Any CPU
		{9653654B-982D-4B32-9F98-B9FA20A1E99B}.Release|Any CPU.ActiveCfg = Release|Any CPU
		{9653654B-982D-4B32-9F98-B9FA20A1E99B}.Release|Any CPU.Build.0 = Release|Any CPU
		{72B8AD52-5642-49BA-83C3-43FBED4B52E4}.Debug|Any CPU.ActiveCfg = Debug|Any CPU
		{72B8AD52-5642-49BA-83C3-43FBED4B52E4}.Debug|Any CPU.Build.0 = Debug|Any CPU
		{72B8AD52-5642-49BA-83C3-43FBED4B52E4}.Release|Any CPU.ActiveCfg = Release|Any CPU
		{72B8AD52-5642-49BA-83C3-43FBED4B52E4}.Release|Any CPU.Build.0 = Release|Any CPU
		{E1E78294-F84B-4832-A0C6-23AEEA7BC2A2}.Debug|Any CPU.ActiveCfg = Debug|Any CPU
		{E1E78294-F84B-4832-A0C6-23AEEA7BC2A2}.Debug|Any CPU.Build.0 = Debug|Any CPU
		{E1E78294-F84B-4832-A0C6-23AEEA7BC2A2}.Release|Any CPU.ActiveCfg = Release|Any CPU
		{E1E78294-F84B-4832-A0C6-23AEEA7BC2A2}.Release|Any CPU.Build.0 = Release|Any CPU
		{EB2F24BC-76A3-481A-80FF-FAB465906CB1}.Debug|Any CPU.ActiveCfg = Debug|Any CPU
		{EB2F24BC-76A3-481A-80FF-FAB465906CB1}.Debug|Any CPU.Build.0 = Debug|Any CPU
		{EB2F24BC-76A3-481A-80FF-FAB465906CB1}.Release|Any CPU.ActiveCfg = Release|Any CPU
		{EB2F24BC-76A3-481A-80FF-FAB465906CB1}.Release|Any CPU.Build.0 = Release|Any CPU
	EndGlobalSection
	GlobalSection(SolutionProperties) = preSolution
		HideSolutionNode = FALSE
	EndGlobalSection
	GlobalSection(NestedProjects) = preSolution
		{46C5DA5F-E0FE-4447-9AC6-5148D71117E6} = {65562580-0216-445B-B154-E72EEEA5A011}
		{B3B47858-7B86-4ED7-990E-129CD286053D} = {46C5DA5F-E0FE-4447-9AC6-5148D71117E6}
		{83BF891E-C40E-4E32-AEC2-5CD5DC25733C} = {B3B47858-7B86-4ED7-990E-129CD286053D}
		{902ED401-8EE4-447C-8CB7-8F33B7E01DA8} = {B3B47858-7B86-4ED7-990E-129CD286053D}
		{358238DA-C3E8-4713-91E8-032E7C71EC01} = {B3B47858-7B86-4ED7-990E-129CD286053D}
		{911C6783-C7A1-41BB-B1DE-49346F2EEAE1} = {46C5DA5F-E0FE-4447-9AC6-5148D71117E6}
		{75ABB99C-FA25-4D6C-98DB-88BC7CB9F370} = {911C6783-C7A1-41BB-B1DE-49346F2EEAE1}
		{CDFD4649-506A-41B7-83AB-4BBC46C19BF3} = {911C6783-C7A1-41BB-B1DE-49346F2EEAE1}
		{CF092F32-D740-4E4D-BD4F-E3F40893646C} = {911C6783-C7A1-41BB-B1DE-49346F2EEAE1}
		{6F4DBDB7-1D78-4AE2-9A4A-62D19FA3F7A1} = {65562580-0216-445B-B154-E72EEEA5A011}
		{5E3E0AF9-1BC9-407C-8ACB-76579DB9BCC3} = {6F4DBDB7-1D78-4AE2-9A4A-62D19FA3F7A1}
		{74DC213A-98C8-4BE0-B314-58345BB0144D} = {83BF891E-C40E-4E32-AEC2-5CD5DC25733C}
		{399E6936-FF45-41A3-A324-02C5AB3FB547} = {83BF891E-C40E-4E32-AEC2-5CD5DC25733C}
		{4FE6C253-68E6-4B2B-BFD9-3EE66A664BFA} = {902ED401-8EE4-447C-8CB7-8F33B7E01DA8}
		{CC44FD10-C75F-4D71-913B-524C1E427E1A} = {358238DA-C3E8-4713-91E8-032E7C71EC01}
		{E0EEBD99-4183-4C57-A8A3-9A08254090D0} = {65562580-0216-445B-B154-E72EEEA5A011}
		{06FD4D8F-B723-41BA-9742-C36D555076DB} = {E0EEBD99-4183-4C57-A8A3-9A08254090D0}
		{2E6E0A42-D1DA-4575-8879-721F4D27CC1A} = {75ABB99C-FA25-4D6C-98DB-88BC7CB9F370}
		{9653654B-982D-4B32-9F98-B9FA20A1E99B} = {75ABB99C-FA25-4D6C-98DB-88BC7CB9F370}
		{72B8AD52-5642-49BA-83C3-43FBED4B52E4} = {CDFD4649-506A-41B7-83AB-4BBC46C19BF3}
		{E1E78294-F84B-4832-A0C6-23AEEA7BC2A2} = {CF092F32-D740-4E4D-BD4F-E3F40893646C}
		{99C48F1F-59EF-4398-A0A8-8AA205846F03} = {65562580-0216-445B-B154-E72EEEA5A011}
		{EB2F24BC-76A3-481A-80FF-FAB465906CB1} = {99C48F1F-59EF-4398-A0A8-8AA205846F03}
	EndGlobalSection
	GlobalSection(ExtensibilityGlobals) = postSolution
		SolutionGuid = {CEA3BB80-3867-4D65-8219-E97E032C2EED}
	EndGlobalSection
EndGlobal
